
Microsoft Visual Studio Solution File, Format Version 12.00
# Visual Studio 15
Project("{FAE04EC0-301F-11D3-BF4B-00C04F79EFBC}") = "VFolders", "VFolders.csproj", "{DF7EB81C-DB02-092B-BF1E-8ABFD790669B}"
EndProject
Project("{FAE04EC0-301F-11D3-BF4B-00C04F79EFBC}") = "VFavorites", "VFavorites.csproj", "{4855CE1F-7A5C-E564-C640-3F130B16FD66}"
EndProject
Project("{FAE04EC0-301F-11D3-BF4B-00C04F79EFBC}") = "VHierarchy", "VHierarchy.csproj", "{F4662DE9-C197-04C9-3C92-132E39E998C5}"
EndProject
Project("{FAE04EC0-301F-11D3-BF4B-00C04F79EFBC}") = "Assembly-CSharp-Editor", "Assembly-CSharp-Editor.csproj", "{707F3D93-3D8F-09B0-AEFC-D6D5F547A117}"
EndProject
Project("{FAE04EC0-301F-11D3-BF4B-00C04F79EFBC}") = "Assembly-CSharp", "Assembly-CSharp.csproj", "{80A5AACF-8BEC-D2AA-EB14-AC3F91A6AD9D}"
EndProject
Project("{FAE04EC0-301F-11D3-BF4B-00C04F79EFBC}") = "VTabs", "VTabs.csproj", "{5D26CE6B-DA3E-210C-E571-A202CC55BFF7}"
EndProject
Global
	GlobalSection(SolutionConfigurationPlatforms) = preSolution
		Debug|Any CPU = Debug|Any CPU
		Release|Any CPU = Release|Any CPU
	EndGlobalSection
	GlobalSection(ProjectConfigurationPlatforms) = postSolution
		{DF7EB81C-DB02-092B-BF1E-8ABFD790669B}.Debug|Any CPU.ActiveCfg = Debug|Any CPU
		{DF7EB81C-DB02-092B-BF1E-8ABFD790669B}.Debug|Any CPU.Build.0 = Debug|Any CPU
		{DF7EB81C-DB02-092B-BF1E-8ABFD790669B}.Release|Any CPU.ActiveCfg = Release|Any CPU
		{DF7EB81C-DB02-092B-BF1E-8ABFD790669B}.Release|Any CPU.Build.0 = Release|Any CPU
		{4855CE1F-7A5C-E564-C640-3F130B16FD66}.Debug|Any CPU.ActiveCfg = Debug|Any CPU
		{4855CE1F-7A5C-E564-C640-3F130B16FD66}.Debug|Any CPU.Build.0 = Debug|Any CPU
		{4855CE1F-7A5C-E564-C640-3F130B16FD66}.Release|Any CPU.ActiveCfg = Release|Any CPU
		{4855CE1F-7A5C-E564-C640-3F130B16FD66}.Release|Any CPU.Build.0 = Release|Any CPU
		{F4662DE9-C197-04C9-3C92-132E39E998C5}.Debug|Any CPU.ActiveCfg = Debug|Any CPU
		{F4662DE9-C197-04C9-3C92-132E39E998C5}.Debug|Any CPU.Build.0 = Debug|Any CPU
		{F4662DE9-C197-04C9-3C92-132E39E998C5}.Release|Any CPU.ActiveCfg = Release|Any CPU
		{F4662DE9-C197-04C9-3C92-132E39E998C5}.Release|Any CPU.Build.0 = Release|Any CPU
		{707F3D93-3D8F-09B0-AEFC-D6D5F547A117}.Debug|Any CPU.ActiveCfg = Debug|Any CPU
		{707F3D93-3D8F-09B0-AEFC-D6D5F547A117}.Debug|Any CPU.Build.0 = Debug|Any CPU
		{707F3D93-3D8F-09B0-AEFC-D6D5F547A117}.Release|Any CPU.ActiveCfg = Release|Any CPU
		{707F3D93-3D8F-09B0-AEFC-D6D5F547A117}.Release|Any CPU.Build.0 = Release|Any CPU
		{80A5AACF-8BEC-D2AA-EB14-AC3F91A6AD9D}.Debug|Any CPU.ActiveCfg = Debug|Any CPU
		{80A5AACF-8BEC-D2AA-EB14-AC3F91A6AD9D}.Debug|Any CPU.Build.0 = Debug|Any CPU
		{80A5AACF-8BEC-D2AA-EB14-AC3F91A6AD9D}.Release|Any CPU.ActiveCfg = Release|Any CPU
		{80A5AACF-8BEC-D2AA-EB14-AC3F91A6AD9D}.Release|Any CPU.Build.0 = Release|Any CPU
		{5D26CE6B-DA3E-210C-E571-A202CC55BFF7}.Debug|Any CPU.ActiveCfg = Debug|Any CPU
		{5D26CE6B-DA3E-210C-E571-A202CC55BFF7}.Debug|Any CPU.Build.0 = Debug|Any CPU
		{5D26CE6B-DA3E-210C-E571-A202CC55BFF7}.Release|Any CPU.ActiveCfg = Release|Any CPU
		{5D26CE6B-DA3E-210C-E571-A202CC55BFF7}.Release|Any CPU.Build.0 = Release|Any CPU
	EndGlobalSection
	GlobalSection(SolutionProperties) = preSolution
		HideSolutionNode = FALSE
	EndGlobalSection
EndGlobal
